
Microsoft Visual Studio Solution File, Format Version 12.00
# Visual Studio Version 17
VisualStudioVersion = 17.10.34916.146
MinimumVisualStudioVersion = 10.0.40219.1
Project("{FAE04EC0-301F-11D3-BF4B-00C04F79EFBC}") = "Solid", "Solid\Solid.csproj", "{F5D69938-2CC8-409F-9F7B-C986AE45A437}"
EndProject
Global
	GlobalSection(SolutionConfigurationPlatforms) = preSolution
		Debug|Any CPU = Debug|Any CPU
		Release|Any CPU = Release|Any CPU
	EndGlobalSection
	GlobalSection(ProjectConfigurationPlatforms) = postSolution
		{F5D69938-2CC8-409F-9F7B-C986AE45A437}.Debug|Any CPU.ActiveCfg = Debug|Any CPU
		{F5D69938-2CC8-409F-9F7B-C986AE45A437}.Debug|Any CPU.Build.0 = Debug|Any CPU
		{F5D69938-2CC8-409F-9F7B-C986AE45A437}.Release|Any CPU.ActiveCfg = Release|Any CPU
		{F5D69938-2CC8-409F-9F7B-C986AE45A437}.Release|Any CPU.Build.0 = Release|Any CPU
	EndGlobalSection
	GlobalSection(SolutionProperties) = preSolution
		HideSolutionNode = FALSE
	EndGlobalSection
	GlobalSection(ExtensibilityGlobals) = postSolution
		SolutionGuid = {9E8B4F36-8002-45E5-9DA4-EA1F79794405}
	EndGlobalSection
EndGlobal
